// !$*UTF8*$!
{
	archiveVersion = 1;
	classes = {
	};
	objectVersion = 50;
	objects = {

/* Begin PBXBuildFile section */
		3195187625442D52008D9E18 /* AppDelegate.swift in Sources */ = {isa = PBXBuildFile; fileRef = 3195187525442D52008D9E18 /* AppDelegate.swift */; };
		3195187825442D52008D9E18 /* SceneDelegate.swift in Sources */ = {isa = PBXBuildFile; fileRef = 3195187725442D52008D9E18 /* SceneDelegate.swift */; };
		3195187A25442D52008D9E18 /* ViewController.swift in Sources */ = {isa = PBXBuildFile; fileRef = 3195187925442D52008D9E18 /* ViewController.swift */; };
		3195187D25442D52008D9E18 /* Main.storyboard in Resources */ = {isa = PBXBuildFile; fileRef = 3195187B25442D52008D9E18 /* Main.storyboard */; };
		3195187F25442D53008D9E18 /* Assets.xcassets in Resources */ = {isa = PBXBuildFile; fileRef = 3195187E25442D53008D9E18 /* Assets.xcassets */; };
		3195188225442D53008D9E18 /* LaunchScreen.storyboard in Resources */ = {isa = PBXBuildFile; fileRef = 3195188025442D53008D9E18 /* LaunchScreen.storyboard */; };
		3195188B25442DAA008D9E18 /* ChartView.swift in Sources */ = {isa = PBXBuildFile; fileRef = 3195188A25442DAA008D9E18 /* ChartView.swift */; };
		3195188D254472DB008D9E18 /* IndicatorView.swift in Sources */ = {isa = PBXBuildFile; fileRef = 3195188C254472DB008D9E18 /* IndicatorView.swift */; };
		31A7AA6D2545A5A000057BB7 /* ChartViewData.swift in Sources */ = {isa = PBXBuildFile; fileRef = 31A7AA6C2545A5A000057BB7 /* ChartViewData.swift */; };
		31D6EC4C2544A17000B98B9B /* Util.swift in Sources */ = {isa = PBXBuildFile; fileRef = 31D6EC4B2544A17000B98B9B /* Util.swift */; };
		F75346E40A85BD1E69ED90C2 /* Pods_ChartViewDemo.framework in Frameworks */ = {isa = PBXBuildFile; fileRef = 1DD85C80134B3A6C483F2987 /* Pods_ChartViewDemo.framework */; };
/* End PBXBuildFile section */

/* Begin PBXFileReference section */
		1DD85C80134B3A6C483F2987 /* Pods_ChartViewDemo.framework */ = {isa = PBXFileReference; explicitFileType = wrapper.framework; includeInIndex = 0; path = Pods_ChartViewDemo.framework; sourceTree = BUILT_PRODUCTS_DIR; };
		3195187225442D52008D9E18 /* ChartViewDemo.app */ = {isa = PBXFileReference; explicitFileType = wrapper.application; includeInIndex = 0; path = ChartViewDemo.app; sourceTree = BUILT_PRODUCTS_DIR; };
		3195187525442D52008D9E18 /* AppDelegate.swift */ = {isa = PBXFileReference; lastKnownFileType = sourcecode.swift; path = AppDelegate.swift; sourceTree = "<group>"; };
		3195187725442D52008D9E18 /* SceneDelegate.swift */ = {isa = PBXFileReference; lastKnownFileType = sourcecode.swift; path = SceneDelegate.swift; sourceTree = "<group>"; };
		3195187925442D52008D9E18 /* ViewController.swift */ = {isa = PBXFileReference; lastKnownFileType = sourcecode.swift; path = ViewController.swift; sourceTree = "<group>"; };
		3195187C25442D52008D9E18 /* Base */ = {isa = PBXFileReference; lastKnownFileType = file.storyboard; name = Base; path = Base.lproj/Main.storyboard; sourceTree = "<group>"; };
		3195187E25442D53008D9E18 /* Assets.xcassets */ = {isa = PBXFileReference; lastKnownFileType = folder.assetcatalog; path = Assets.xcassets; sourceTree = "<group>"; };
		3195188125442D53008D9E18 /* Base */ = {isa = PBXFileReference; lastKnownFileType = file.storyboard; name = Base; path = Base.lproj/LaunchScreen.storyboard; sourceTree = "<group>"; };
		3195188325442D53008D9E18 /* Info.plist */ = {isa = PBXFileReference; lastKnownFileType = text.plist.xml; path = Info.plist; sourceTree = "<group>"; };
		3195188A25442DAA008D9E18 /* ChartView.swift */ = {isa = PBXFileReference; lastKnownFileType = sourcecode.swift; path = ChartView.swift; sourceTree = "<group>"; };
		3195188C254472DB008D9E18 /* IndicatorView.swift */ = {isa = PBXFileReference; lastKnownFileType = sourcecode.swift; path = IndicatorView.swift; sourceTree = "<group>"; };
		31A7AA6C2545A5A000057BB7 /* ChartViewData.swift */ = {isa = PBXFileReference; lastKnownFileType = sourcecode.swift; path = ChartViewData.swift; sourceTree = "<group>"; };
		31D6EC4B2544A17000B98B9B /* Util.swift */ = {isa = PBXFileReference; lastKnownFileType = sourcecode.swift; path = Util.swift; sourceTree = "<group>"; };
		47ECF10CFBEEF2D1AD068939 /* Pods-ChartViewDemo.release.xcconfig */ = {isa = PBXFileReference; includeInIndex = 1; lastKnownFileType = text.xcconfig; name = "Pods-ChartViewDemo.release.xcconfig"; path = "Target Support Files/Pods-ChartViewDemo/Pods-ChartViewDemo.release.xcconfig"; sourceTree = "<group>"; };
		CCA7DCB59B8AC63075A47E82 /* Pods-ChartViewDemo.debug.xcconfig */ = {isa = PBXFileReference; includeInIndex = 1; lastKnownFileType = text.xcconfig; name = "Pods-ChartViewDemo.debug.xcconfig"; path = "Target Support Files/Pods-ChartViewDemo/Pods-ChartViewDemo.debug.xcconfig"; sourceTree = "<group>"; };
/* End PBXFileReference section */

/* Begin PBXFrameworksBuildPhase section */
		3195186F25442D52008D9E18 /* Frameworks */ = {
			isa = PBXFrameworksBuildPhase;
			buildActionMask = 2147483647;
			files = (
				F75346E40A85BD1E69ED90C2 /* Pods_ChartViewDemo.framework in Frameworks */,
			);
			runOnlyForDeploymentPostprocessing = 0;
		};
/* End PBXFrameworksBuildPhase section */

/* Begin PBXGroup section */
		10A60437F65959BAF1E8A4BC /* Pods */ = {
			isa = PBXGroup;
			children = (
				CCA7DCB59B8AC63075A47E82 /* Pods-ChartViewDemo.debug.xcconfig */,
				47ECF10CFBEEF2D1AD068939 /* Pods-ChartViewDemo.release.xcconfig */,
			);
			name = Pods;
			path = Pods;
			sourceTree = "<group>";
		};
		122ECF180C3797A531C688C5 /* Frameworks */ = {
			isa = PBXGroup;
			children = (
				1DD85C80134B3A6C483F2987 /* Pods_ChartViewDemo.framework */,
			);
			name = Frameworks;
			sourceTree = "<group>";
		};
		3195186925442D52008D9E18 = {
			isa = PBXGroup;
			children = (
				3195187425442D52008D9E18 /* ChartViewDemo */,
				3195187325442D52008D9E18 /* Products */,
				10A60437F65959BAF1E8A4BC /* Pods */,
				122ECF180C3797A531C688C5 /* Frameworks */,
			);
			sourceTree = "<group>";
		};
		3195187325442D52008D9E18 /* Products */ = {
			isa = PBXGroup;
			children = (
				3195187225442D52008D9E18 /* ChartViewDemo.app */,
			);
			name = Products;
			sourceTree = "<group>";
		};
		3195187425442D52008D9E18 /* ChartViewDemo */ = {
			isa = PBXGroup;
			children = (
				3195188925442D8D008D9E18 /* Chart */,
				3195187525442D52008D9E18 /* AppDelegate.swift */,
				3195187725442D52008D9E18 /* SceneDelegate.swift */,
				3195187925442D52008D9E18 /* ViewController.swift */,
				3195187B25442D52008D9E18 /* Main.storyboard */,
				3195187E25442D53008D9E18 /* Assets.xcassets */,
				3195188025442D53008D9E18 /* LaunchScreen.storyboard */,
				3195188325442D53008D9E18 /* Info.plist */,
			);
			path = ChartViewDemo;
			sourceTree = "<group>";
		};
		3195188925442D8D008D9E18 /* Chart */ = {
			isa = PBXGroup;
			children = (
				3195188A25442DAA008D9E18 /* ChartView.swift */,
				3195188C254472DB008D9E18 /* IndicatorView.swift */,
				31D6EC4B2544A17000B98B9B /* Util.swift */,
				31A7AA6C2545A5A000057BB7 /* ChartViewData.swift */,
			);
			path = Chart;
			sourceTree = "<group>";
		};
/* End PBXGroup section */

/* Begin PBXNativeTarget section */
		3195187125442D52008D9E18 /* ChartViewDemo */ = {
			isa = PBXNativeTarget;
			buildConfigurationList = 3195188625442D53008D9E18 /* Build configuration list for PBXNativeTarget "ChartViewDemo" */;
			buildPhases = (
				D5FD851D4EA34CD08ED8C93D /* [CP] Check Pods Manifest.lock */,
				3195186E25442D52008D9E18 /* Sources */,
				3195186F25442D52008D9E18 /* Frameworks */,
				3195187025442D52008D9E18 /* Resources */,
				D264C8DC7150762A15AA2586 /* [CP] Embed Pods Frameworks */,
			);
			buildRules = (
			);
			dependencies = (
			);
			name = ChartViewDemo;
			productName = ChartViewDemo;
			productReference = 3195187225442D52008D9E18 /* ChartViewDemo.app */;
			productType = "com.apple.product-type.application";
		};
/* End PBXNativeTarget section */

/* Begin PBXProject section */
		3195186A25442D52008D9E18 /* Project object */ = {
			isa = PBXProject;
			attributes = {
				LastSwiftUpdateCheck = 1160;
				LastUpgradeCheck = 1160;
				ORGANIZATIONNAME = Jany;
				TargetAttributes = {
					3195187125442D52008D9E18 = {
						CreatedOnToolsVersion = 11.6;
					};
				};
			};
			buildConfigurationList = 3195186D25442D52008D9E18 /* Build configuration list for PBXProject "ChartViewDemo" */;
			compatibilityVersion = "Xcode 9.3";
			developmentRegion = en;
			hasScannedForEncodings = 0;
			knownRegions = (
				en,
				Base,
			);
			mainGroup = 3195186925442D52008D9E18;
			productRefGroup = 3195187325442D52008D9E18 /* Products */;
			projectDirPath = "";
			projectRoot = "";
			targets = (
				3195187125442D52008D9E18 /* ChartViewDemo */,
			);
		};
/* End PBXProject section */

/* Begin PBXResourcesBuildPhase section */
		3195187025442D52008D9E18 /* Resources */ = {
			isa = PBXResourcesBuildPhase;
			buildActionMask = 2147483647;
			files = (
				3195188225442D53008D9E18 /* LaunchScreen.storyboard in Resources */,
				3195187F25442D53008D9E18 /* Assets.xcassets in Resources */,
				3195187D25442D52008D9E18 /* Main.storyboard in Resources */,
			);
			runOnlyForDeploymentPostprocessing = 0;
		};
/* End PBXResourcesBuildPhase section */

/* Begin PBXShellScriptBuildPhase section */
		D264C8DC7150762A15AA2586 /* [CP] Embed Pods Frameworks */ = {
			isa = PBXShellScriptBuildPhase;
			buildActionMask = 2147483647;
			files = (
			);
			inputFileListPaths = (
				"${PODS_ROOT}/Target Support Files/Pods-ChartViewDemo/Pods-ChartViewDemo-frameworks-${CONFIGURATION}-input-files.xcfilelist",
			);
			name = "[CP] Embed Pods Frameworks";
			outputFileListPaths = (
				"${PODS_ROOT}/Target Support Files/Pods-ChartViewDemo/Pods-ChartViewDemo-frameworks-${CONFIGURATION}-output-files.xcfilelist",
			);
			runOnlyForDeploymentPostprocessing = 0;
			shellPath = /bin/sh;
			shellScript = "\"${PODS_ROOT}/Target Support Files/Pods-ChartViewDemo/Pods-ChartViewDemo-frameworks.sh\"\n";
			showEnvVarsInLog = 0;
		};
		D5FD851D4EA34CD08ED8C93D /* [CP] Check Pods Manifest.lock */ = {
			isa = PBXShellScriptBuildPhase;
			buildActionMask = 2147483647;
			files = (
			);
			inputFileListPaths = (
			);
			inputPaths = (
				"${PODS_PODFILE_DIR_PATH}/Podfile.lock",
				"${PODS_ROOT}/Manifest.lock",
			);
			name = "[CP] Check Pods Manifest.lock";
			outputFileListPaths = (
			);
			outputPaths = (
				"$(DERIVED_FILE_DIR)/Pods-ChartViewDemo-checkManifestLockResult.txt",
			);
			runOnlyForDeploymentPostprocessing = 0;
			shellPath = /bin/sh;
			shellScript = "diff \"${PODS_PODFILE_DIR_PATH}/Podfile.lock\" \"${PODS_ROOT}/Manifest.lock\" > /dev/null\nif [ $? != 0 ] ; then\n    # print error to STDERR\n    echo \"error: The sandbox is not in sync with the Podfile.lock. Run 'pod install' or update your CocoaPods installation.\" >&2\n    exit 1\nfi\n# This output is used by Xcode 'outputs' to avoid re-running this script phase.\necho \"SUCCESS\" > \"${SCRIPT_OUTPUT_FILE_0}\"\n";
			showEnvVarsInLog = 0;
		};
/* End PBXShellScriptBuildPhase section */

/* Begin PBXSourcesBuildPhase section */
		3195186E25442D52008D9E18 /* Sources */ = {
			isa = PBXSourcesBuildPhase;
			buildActionMask = 2147483647;
			files = (
				3195187A25442D52008D9E18 /* ViewController.swift in Sources */,
				31D6EC4C2544A17000B98B9B /* Util.swift in Sources */,
				3195187625442D52008D9E18 /* AppDelegate.swift in Sources */,
				3195187825442D52008D9E18 /* SceneDelegate.swift in Sources */,
				3195188B25442DAA008D9E18 /* ChartView.swift in Sources */,
				3195188D254472DB008D9E18 /* IndicatorView.swift in Sources */,
				31A7AA6D2545A5A000057BB7 /* ChartViewData.swift in Sources */,
			);
			runOnlyForDeploymentPostprocessing = 0;
		};
/* End PBXSourcesBuildPhase section */

/* Begin PBXVariantGroup section */
		3195187B25442D52008D9E18 /* Main.storyboard */ = {
			isa = PBXVariantGroup;
			children = (
				3195187C25442D52008D9E18 /* Base */,
			);
			name = Main.storyboard;
			sourceTree = "<group>";
		};
		3195188025442D53008D9E18 /* LaunchScreen.storyboard */ = {
			isa = PBXVariantGroup;
			children = (
				3195188125442D53008D9E18 /* Base */,
			);
			name = LaunchScreen.storyboard;
			sourceTree = "<group>";
		};
/* End PBXVariantGroup section */

/* Begin XCBuildConfiguration section */
		3195188425442D53008D9E18 /* Debug */ = {
			isa = XCBuildConfiguration;
			buildSettings = {
				ALWAYS_SEARCH_USER_PATHS = NO;
				CLANG_ANALYZER_NONNULL = YES;
				CLANG_ANALYZER_NUMBER_OBJECT_CONVERSION = YES_AGGRESSIVE;
				CLANG_CXX_LANGUAGE_STANDARD = "gnu++14";
				CLANG_CXX_LIBRARY = "libc++";
				CLANG_ENABLE_MODULES = YES;
				CLANG_ENABLE_OBJC_ARC = YES;
				CLANG_ENABLE_OBJC_WEAK = YES;
				CLANG_WARN_BLOCK_CAPTURE_AUTORELEASING = YES;
				CLANG_WARN_BOOL_CONVERSION = YES;
				CLANG_WARN_COMMA = YES;
				CLANG_WARN_CONSTANT_CONVERSION = YES;
				CLANG_WARN_DEPRECATED_OBJC_IMPLEMENTATIONS = YES;
				CLANG_WARN_DIRECT_OBJC_ISA_USAGE = YES_ERROR;
				CLANG_WARN_DOCUMENTATION_COMMENTS = YES;
				CLANG_WARN_EMPTY_BODY = YES;
				CLANG_WARN_ENUM_CONVERSION = YES;
				CLANG_WARN_INFINITE_RECURSION = YES;
				CLANG_WARN_INT_CONVERSION = YES;
				CLANG_WARN_NON_LITERAL_NULL_CONVERSION = YES;
				CLANG_WARN_OBJC_IMPLICIT_RETAIN_SELF = YES;
				CLANG_WARN_OBJC_LITERAL_CONVERSION = YES;
				CLANG_WARN_OBJC_ROOT_CLASS = YES_ERROR;
				CLANG_WARN_RANGE_LOOP_ANALYSIS = YES;
				CLANG_WARN_STRICT_PROTOTYPES = YES;
				CLANG_WARN_SUSPICIOUS_MOVE = YES;
				CLANG_WARN_UNGUARDED_AVAILABILITY = YES_AGGRESSIVE;
				CLANG_WARN_UNREACHABLE_CODE = YES;
				CLANG_WARN__DUPLICATE_METHOD_MATCH = YES;
				COPY_PHASE_STRIP = NO;
				DEBUG_INFORMATION_FORMAT = dwarf;
				ENABLE_STRICT_OBJC_MSGSEND = YES;
				ENABLE_TESTABILITY = YES;
				GCC_C_LANGUAGE_STANDARD = gnu11;
				GCC_DYNAMIC_NO_PIC = NO;
				GCC_NO_COMMON_BLOCKS = YES;
				GCC_OPTIMIZATION_LEVEL = 0;
				GCC_PREPROCESSOR_DEFINITIONS = (
					"DEBUG=1",
					"$(inherited)",
				);
				GCC_WARN_64_TO_32_BIT_CONVERSION = YES;
				GCC_WARN_ABOUT_RETURN_TYPE = YES_ERROR;
				GCC_WARN_UNDECLARED_SELECTOR = YES;
				GCC_WARN_UNINITIALIZED_AUTOS = YES_AGGRESSIVE;
				GCC_WARN_UNUSED_FUNCTION = YES;
				GCC_WARN_UNUSED_VARIABLE = YES;
				IPHONEOS_DEPLOYMENT_TARGET = 13.6;
				MTL_ENABLE_DEBUG_INFO = INCLUDE_SOURCE;
				MTL_FAST_MATH = YES;
				ONLY_ACTIVE_ARCH = YES;
				SDKROOT = iphoneos;
				SWIFT_ACTIVE_COMPILATION_CONDITIONS = DEBUG;
				SWIFT_OPTIMIZATION_LEVEL = "-Onone";
			};
			name = Debug;
		};
		3195188525442D53008D9E18 /* Release */ = {
			isa = XCBuildConfiguration;
			buildSettings = {
				ALWAYS_SEARCH_USER_PATHS = NO;
				CLANG_ANALYZER_NONNULL = YES;
				CLANG_ANALYZER_NUMBER_OBJECT_CONVERSION = YES_AGGRESSIVE;
				CLANG_CXX_LANGUAGE_STANDARD = "gnu++14";
				CLANG_CXX_LIBRARY = "libc++";
				CLANG_ENABLE_MODULES = YES;
				CLANG_ENABLE_OBJC_ARC = YES;
				CLANG_ENABLE_OBJC_WEAK = YES;
				CLANG_WARN_BLOCK_CAPTURE_AUTORELEASING = YES;
				CLANG_WARN_BOOL_CONVERSION = YES;
				CLANG_WARN_COMMA = YES;
				CLANG_WARN_CONSTANT_CONVERSION = YES;
				CLANG_WARN_DEPRECATED_OBJC_IMPLEMENTATIONS = YES;
				CLANG_WARN_DIRECT_OBJC_ISA_USAGE = YES_ERROR;
				CLANG_WARN_DOCUMENTATION_COMMENTS = YES;
				CLANG_WARN_EMPTY_BODY = YES;
				CLANG_WARN_ENUM_CONVERSION = YES;
				CLANG_WARN_INFINITE_RECURSION = YES;
				CLANG_WARN_INT_CONVERSION = YES;
				CLANG_WARN_NON_LITERAL_NULL_CONVERSION = YES;
				CLANG_WARN_OBJC_IMPLICIT_RETAIN_SELF = YES;
				CLANG_WARN_OBJC_LITERAL_CONVERSION = YES;
				CLANG_WARN_OBJC_ROOT_CLASS = YES_ERROR;
				CLANG_WARN_RANGE_LOOP_ANALYSIS = YES;
				CLANG_WARN_STRICT_PROTOTYPES = YES;
				CLANG_WARN_SUSPICIOUS_MOVE = YES;
				CLANG_WARN_UNGUARDED_AVAILABILITY = YES_AGGRESSIVE;
				CLANG_WARN_UNREACHABLE_CODE = YES;
				CLANG_WARN__DUPLICATE_METHOD_MATCH = YES;
				COPY_PHASE_STRIP = NO;
				DEBUG_INFORMATION_FORMAT = "dwarf-with-dsym";
				ENABLE_NS_ASSERTIONS = NO;
				ENABLE_STRICT_OBJC_MSGSEND = YES;
				GCC_C_LANGUAGE_STANDARD = gnu11;
				GCC_NO_COMMON_BLOCKS = YES;
				GCC_WARN_64_TO_32_BIT_CONVERSION = YES;
				GCC_WARN_ABOUT_RETURN_TYPE = YES_ERROR;
				GCC_WARN_UNDECLARED_SELECTOR = YES;
				GCC_WARN_UNINITIALIZED_AUTOS = YES_AGGRESSIVE;
				GCC_WARN_UNUSED_FUNCTION = YES;
				GCC_WARN_UNUSED_VARIABLE = YES;
				IPHONEOS_DEPLOYMENT_TARGET = 13.6;
				MTL_ENABLE_DEBUG_INFO = NO;
				MTL_FAST_MATH = YES;
				SDKROOT = iphoneos;
				SWIFT_COMPILATION_MODE = wholemodule;
				SWIFT_OPTIMIZATION_LEVEL = "-O";
				VALIDATE_PRODUCT = YES;
			};
			name = Release;
		};
		3195188725442D53008D9E18 /* Debug */ = {
			isa = XCBuildConfiguration;
			baseConfigurationReference = CCA7DCB59B8AC63075A47E82 /* Pods-ChartViewDemo.debug.xcconfig */;
			buildSettings = {
				ASSETCATALOG_COMPILER_APPICON_NAME = AppIcon;
				CODE_SIGN_STYLE = Automatic;
				DEVELOPMENT_TEAM = R34V3N792K;
				INFOPLIST_FILE = ChartViewDemo/Info.plist;
				LD_RUNPATH_SEARCH_PATHS = (
					"$(inherited)",
					"@executable_path/Frameworks",
				);
				PRODUCT_BUNDLE_IDENTIFIER = com.jany.ChartViewDemo;
				PRODUCT_NAME = "$(TARGET_NAME)";
				SWIFT_VERSION = 5.0;
				TARGETED_DEVICE_FAMILY = "1,2";
			};
			name = Debug;
		};
		3195188825442D53008D9E18 /* Release */ = {
			isa = XCBuildConfiguration;
			baseConfigurationReference = 47ECF10CFBEEF2D1AD068939 /* Pods-ChartViewDemo.release.xcconfig */;
			buildSettings = {
				ASSETCATALOG_COMPILER_APPICON_NAME = AppIcon;
				CODE_SIGN_STYLE = Automatic;
				DEVELOPMENT_TEAM = R34V3N792K;
				INFOPLIST_FILE = ChartViewDemo/Info.plist;
				LD_RUNPATH_SEARCH_PATHS = (
					"$(inherited)",
					"@executable_path/Frameworks",
				);
				PRODUCT_BUNDLE_IDENTIFIER = com.jany.ChartViewDemo;
				PRODUCT_NAME = "$(TARGET_NAME)";
				SWIFT_VERSION = 5.0;
				TARGETED_DEVICE_FAMILY = "1,2";
			};
			name = Release;
		};
/* End XCBuildConfiguration section */

/* Begin XCConfigurationList section */
		3195186D25442D52008D9E18 /* Build configuration list for PBXProject "ChartViewDemo" */ = {
			isa = XCConfigurationList;
			buildConfigurations = (
				3195188425442D53008D9E18 /* Debug */,
				3195188525442D53008D9E18 /* Release */,
			);
			defaultConfigurationIsVisible = 0;
			defaultConfigurationName = Release;
		};
		3195188625442D53008D9E18 /* Build configuration list for PBXNativeTarget "ChartViewDemo" */ = {
			isa = XCConfigurationList;
			buildConfigurations = (
				3195188725442D53008D9E18 /* Debug */,
				3195188825442D53008D9E18 /* Release */,
			);
			defaultConfigurationIsVisible = 0;
			defaultConfigurationName = Release;
		};
/* End XCConfigurationList section */
	};
	rootObject = 3195186A25442D52008D9E18 /* Project object */;
}
